
Microsoft Visual Studio Solution File, Format Version 12.00
# Visual Studio Version 16
VisualStudioVersion = 16.0.29529.20
MinimumVisualStudioVersion = 15.0.26124.0
Project("{2150E333-8FDC-42A3-9474-1A3956D46DE8}") = "src", "src", "{755425DD-4452-47E4-986E-DEBCADAA29DB}"
EndProject
Project("{9A19103F-16F7-4668-BE54-9A1E7A4F7556}") = "d6s", "src\d6s\d6s.csproj", "{9173A1B7-A711-42F3-9117-ADE2581704C5}"
EndProject
Project("{2150E333-8FDC-42A3-9474-1A3956D46DE8}") = "samples", "samples", "{B8AA0915-CC8C-43DD-A3E5-9727B0A6D3AD}"
EndProject
Project("{9A19103F-16F7-4668-BE54-9A1E7A4F7556}") = "HelloWorld", "samples\HelloWorld\HelloWorld.csproj", "{CAD5C474-797D-4B42-9552-2BC9B8E13B49}"
EndProject
Project("{9A19103F-16F7-4668-BE54-9A1E7A4F7556}") = "Dotnetes.Runtime", "src\Dotnetes.Runtime\Dotnetes.Runtime.csproj", "{E749DD42-3853-448E-B702-AD76AAC915E4}"
EndProject
Project("{FAE04EC0-301F-11D3-BF4B-00C04F79EFBC}") = "RandomNumberGenerator", "samples\RandomNumberGenerator\RandomNumberGenerator.csproj", "{AA6DAAC1-4A6D-4D60-BC42-AE419FC1C6C2}"
EndProject
Project("{FAE04EC0-301F-11D3-BF4B-00C04F79EFBC}") = "RandomNumberFrontend", "samples\RandomNumberFrontend\RandomNumberFrontend.csproj", "{C0734768-9ADF-42BE-A04C-FAB95EF9A3B2}"
EndProject
Global
	GlobalSection(SolutionConfigurationPlatforms) = preSolution
		Debug|Any CPU = Debug|Any CPU
		Debug|x64 = Debug|x64
		Debug|x86 = Debug|x86
		Release|Any CPU = Release|Any CPU
		Release|x64 = Release|x64
		Release|x86 = Release|x86
	EndGlobalSection
	GlobalSection(ProjectConfigurationPlatforms) = postSolution
		{9173A1B7-A711-42F3-9117-ADE2581704C5}.Debug|Any CPU.ActiveCfg = Debug|Any CPU
		{9173A1B7-A711-42F3-9117-ADE2581704C5}.Debug|Any CPU.Build.0 = Debug|Any CPU
		{9173A1B7-A711-42F3-9117-ADE2581704C5}.Debug|x64.ActiveCfg = Debug|Any CPU
		{9173A1B7-A711-42F3-9117-ADE2581704C5}.Debug|x64.Build.0 = Debug|Any CPU
		{9173A1B7-A711-42F3-9117-ADE2581704C5}.Debug|x86.ActiveCfg = Debug|Any CPU
		{9173A1B7-A711-42F3-9117-ADE2581704C5}.Debug|x86.Build.0 = Debug|Any CPU
		{9173A1B7-A711-42F3-9117-ADE2581704C5}.Release|Any CPU.ActiveCfg = Release|Any CPU
		{9173A1B7-A711-42F3-9117-ADE2581704C5}.Release|Any CPU.Build.0 = Release|Any CPU
		{9173A1B7-A711-42F3-9117-ADE2581704C5}.Release|x64.ActiveCfg = Release|Any CPU
		{9173A1B7-A711-42F3-9117-ADE2581704C5}.Release|x64.Build.0 = Release|Any CPU
		{9173A1B7-A711-42F3-9117-ADE2581704C5}.Release|x86.ActiveCfg = Release|Any CPU
		{9173A1B7-A711-42F3-9117-ADE2581704C5}.Release|x86.Build.0 = Release|Any CPU
		{CAD5C474-797D-4B42-9552-2BC9B8E13B49}.Debug|Any CPU.ActiveCfg = Debug|Any CPU
		{CAD5C474-797D-4B42-9552-2BC9B8E13B49}.Debug|Any CPU.Build.0 = Debug|Any CPU
		{CAD5C474-797D-4B42-9552-2BC9B8E13B49}.Debug|x64.ActiveCfg = Debug|Any CPU
		{CAD5C474-797D-4B42-9552-2BC9B8E13B49}.Debug|x64.Build.0 = Debug|Any CPU
		{CAD5C474-797D-4B42-9552-2BC9B8E13B49}.Debug|x86.ActiveCfg = Debug|Any CPU
		{CAD5C474-797D-4B42-9552-2BC9B8E13B49}.Debug|x86.Build.0 = Debug|Any CPU
		{CAD5C474-797D-4B42-9552-2BC9B8E13B49}.Release|Any CPU.ActiveCfg = Release|Any CPU
		{CAD5C474-797D-4B42-9552-2BC9B8E13B49}.Release|Any CPU.Build.0 = Release|Any CPU
		{CAD5C474-797D-4B42-9552-2BC9B8E13B49}.Release|x64.ActiveCfg = Release|Any CPU
		{CAD5C474-797D-4B42-9552-2BC9B8E13B49}.Release|x64.Build.0 = Release|Any CPU
		{CAD5C474-797D-4B42-9552-2BC9B8E13B49}.Release|x86.ActiveCfg = Release|Any CPU
		{CAD5C474-797D-4B42-9552-2BC9B8E13B49}.Release|x86.Build.0 = Release|Any CPU
		{E749DD42-3853-448E-B702-AD76AAC915E4}.Debug|Any CPU.ActiveCfg = Debug|Any CPU
		{E749DD42-3853-448E-B702-AD76AAC915E4}.Debug|Any CPU.Build.0 = Debug|Any CPU
		{E749DD42-3853-448E-B702-AD76AAC915E4}.Debug|x64.ActiveCfg = Debug|Any CPU
		{E749DD42-3853-448E-B702-AD76AAC915E4}.Debug|x64.Build.0 = Debug|Any CPU
		{E749DD42-3853-448E-B702-AD76AAC915E4}.Debug|x86.ActiveCfg = Debug|Any CPU
		{E749DD42-3853-448E-B702-AD76AAC915E4}.Debug|x86.Build.0 = Debug|Any CPU
		{E749DD42-3853-448E-B702-AD76AAC915E4}.Release|Any CPU.ActiveCfg = Release|Any CPU
		{E749DD42-3853-448E-B702-AD76AAC915E4}.Release|Any CPU.Build.0 = Release|Any CPU
		{E749DD42-3853-448E-B702-AD76AAC915E4}.Release|x64.ActiveCfg = Release|Any CPU
		{E749DD42-3853-448E-B702-AD76AAC915E4}.Release|x64.Build.0 = Release|Any CPU
		{E749DD42-3853-448E-B702-AD76AAC915E4}.Release|x86.ActiveCfg = Release|Any CPU
		{E749DD42-3853-448E-B702-AD76AAC915E4}.Release|x86.Build.0 = Release|Any CPU
		{AA6DAAC1-4A6D-4D60-BC42-AE419FC1C6C2}.Debug|Any CPU.ActiveCfg = Debug|Any CPU
		{AA6DAAC1-4A6D-4D60-BC42-AE419FC1C6C2}.Debug|Any CPU.Build.0 = Debug|Any CPU
		{AA6DAAC1-4A6D-4D60-BC42-AE419FC1C6C2}.Debug|x64.ActiveCfg = Debug|Any CPU
		{AA6DAAC1-4A6D-4D60-BC42-AE419FC1C6C2}.Debug|x64.Build.0 = Debug|Any CPU
		{AA6DAAC1-4A6D-4D60-BC42-AE419FC1C6C2}.Debug|x86.ActiveCfg = Debug|Any CPU
		{AA6DAAC1-4A6D-4D60-BC42-AE419FC1C6C2}.Debug|x86.Build.0 = Debug|Any CPU
		{AA6DAAC1-4A6D-4D60-BC42-AE419FC1C6C2}.Release|Any CPU.ActiveCfg = Release|Any CPU
		{AA6DAAC1-4A6D-4D60-BC42-AE419FC1C6C2}.Release|Any CPU.Build.0 = Release|Any CPU
		{AA6DAAC1-4A6D-4D60-BC42-AE419FC1C6C2}.Release|x64.ActiveCfg = Release|Any CPU
		{AA6DAAC1-4A6D-4D60-BC42-AE419FC1C6C2}.Release|x64.Build.0 = Release|Any CPU
		{AA6DAAC1-4A6D-4D60-BC42-AE419FC1C6C2}.Release|x86.ActiveCfg = Release|Any CPU
		{AA6DAAC1-4A6D-4D60-BC42-AE419FC1C6C2}.Release|x86.Build.0 = Release|Any CPU
		{C0734768-9ADF-42BE-A04C-FAB95EF9A3B2}.Debug|Any CPU.ActiveCfg = Debug|Any CPU
		{C0734768-9ADF-42BE-A04C-FAB95EF9A3B2}.Debug|Any CPU.Build.0 = Debug|Any CPU
		{C0734768-9ADF-42BE-A04C-FAB95EF9A3B2}.Debug|x64.ActiveCfg = Debug|Any CPU
		{C0734768-9ADF-42BE-A04C-FAB95EF9A3B2}.Debug|x64.Build.0 = Debug|Any CPU
		{C0734768-9ADF-42BE-A04C-FAB95EF9A3B2}.Debug|x86.ActiveCfg = Debug|Any CPU
		{C0734768-9ADF-42BE-A04C-FAB95EF9A3B2}.Debug|x86.Build.0 = Debug|Any CPU
		{C0734768-9ADF-42BE-A04C-FAB95EF9A3B2}.Release|Any CPU.ActiveCfg = Release|Any CPU
		{C0734768-9ADF-42BE-A04C-FAB95EF9A3B2}.Release|Any CPU.Build.0 = Release|Any CPU
		{C0734768-9ADF-42BE-A04C-FAB95EF9A3B2}.Release|x64.ActiveCfg = Release|Any CPU
		{C0734768-9ADF-42BE-A04C-FAB95EF9A3B2}.Release|x64.Build.0 = Release|Any CPU
		{C0734768-9ADF-42BE-A04C-FAB95EF9A3B2}.Release|x86.ActiveCfg = Release|Any CPU
		{C0734768-9ADF-42BE-A04C-FAB95EF9A3B2}.Release|x86.Build.0 = Release|Any CPU
	EndGlobalSection
	GlobalSection(SolutionProperties) = preSolution
		HideSolutionNode = FALSE
	EndGlobalSection
	GlobalSection(NestedProjects) = preSolution
		{9173A1B7-A711-42F3-9117-ADE2581704C5} = {755425DD-4452-47E4-986E-DEBCADAA29DB}
		{CAD5C474-797D-4B42-9552-2BC9B8E13B49} = {B8AA0915-CC8C-43DD-A3E5-9727B0A6D3AD}
		{E749DD42-3853-448E-B702-AD76AAC915E4} = {755425DD-4452-47E4-986E-DEBCADAA29DB}
		{AA6DAAC1-4A6D-4D60-BC42-AE419FC1C6C2} = {B8AA0915-CC8C-43DD-A3E5-9727B0A6D3AD}
		{C0734768-9ADF-42BE-A04C-FAB95EF9A3B2} = {B8AA0915-CC8C-43DD-A3E5-9727B0A6D3AD}
	EndGlobalSection
	GlobalSection(ExtensibilityGlobals) = postSolution
		SolutionGuid = {CC1A2353-F836-4DFE-B4C4-F99BE6F55D79}
	EndGlobalSection
EndGlobal
